
Microsoft Visual Studio Solution File, Format Version 12.00
# Visual Studio Version 17
Project("{8BC9CEB8-8B4A-11D0-8D11-00A0C91BC942}") = "ALL_BUILD", "ALL_BUILD.vcxproj", "{A8239D0F-8C1F-35B8-B775-3D346C4BEF61}"
	ProjectSection(ProjectDependencies) = postProject
		{065DB741-C980-3D6F-959A-C8757B222326} = {065DB741-C980-3D6F-959A-C8757B222326}
		{EDB45FF7-062D-39BD-B8B2-BA3BF6F78B4C} = {EDB45FF7-062D-39BD-B8B2-BA3BF6F78B4C}
		{574ED52C-91B4-3127-91CB-C5CB93B04F6D} = {574ED52C-91B4-3127-91CB-C5CB93B04F6D}
		{07549831-0CC4-334A-9403-8DDDCDD9407E} = {07549831-0CC4-334A-9403-8DDDCDD9407E}
		{D8AEF1DC-89D0-37DC-A60A-87FF6A9B76DD} = {D8AEF1DC-89D0-37DC-A60A-87FF6A9B76DD}
		{E10D72BD-CBD7-38D1-A49B-BFC9CB94A698} = {E10D72BD-CBD7-38D1-A49B-BFC9CB94A698}
		{69E8C034-2B02-305F-80FD-4713B1A90283} = {69E8C034-2B02-305F-80FD-4713B1A90283}
		{657350DA-839E-3CC4-8B72-8CDA6C339917} = {657350DA-839E-3CC4-8B72-8CDA6C339917}
		{D0BB52E1-FD2B-3A88-819D-15906D439EC7} = {D0BB52E1-FD2B-3A88-819D-15906D439EC7}
		{CA784D6F-E18D-3952-914E-B59819DB5A71} = {CA784D6F-E18D-3952-914E-B59819DB5A71}
		{3D5D2BD7-47EC-3247-81AD-C99BBDD998E8} = {3D5D2BD7-47EC-3247-81AD-C99BBDD998E8}
		{888B4240-65BB-3944-A870-8B83B0DD57A4} = {888B4240-65BB-3944-A870-8B83B0DD57A4}
		{9865A67B-CB67-3A17-B74A-82BCE38470B6} = {9865A67B-CB67-3A17-B74A-82BCE38470B6}
		{19E58892-DBB3-3B1F-82F6-C4668119CC14} = {19E58892-DBB3-3B1F-82F6-C4668119CC14}
		{065DB084-2FE1-3168-BE86-8F4ABF96517B} = {065DB084-2FE1-3168-BE86-8F4ABF96517B}
		{9019D6FE-910C-30B6-83C1-9A217206E94C} = {9019D6FE-910C-30B6-83C1-9A217206E94C}
		{9979B279-BBEB-3881-BEBD-89CCC182406C} = {9979B279-BBEB-3881-BEBD-89CCC182406C}
		{7791110C-0E83-3159-AD03-3AF57D88DA64} = {7791110C-0E83-3159-AD03-3AF57D88DA64}
		{F1CAE6A0-C104-30A1-9816-F07D94D13ABD} = {F1CAE6A0-C104-30A1-9816-F07D94D13ABD}
		{02C2F65F-E616-3835-843E-3EF89BCD97C5} = {02C2F65F-E616-3835-843E-3EF89BCD97C5}
		{F9BBDF54-95F0-380A-8138-5B6B3DD57841} = {F9BBDF54-95F0-380A-8138-5B6B3DD57841}
		{F2F2C3B0-F87E-3652-BE09-A69761DC75A9} = {F2F2C3B0-F87E-3652-BE09-A69761DC75A9}
		{93BAEEF2-552E-32DB-B02B-20844CDA89A6} = {93BAEEF2-552E-32DB-B02B-20844CDA89A6}
		{16869410-A374-302C-95C8-6A2304171F07} = {16869410-A374-302C-95C8-6A2304171F07}
		{FEF99301-EC49-31CB-A58B-6A66B2FEDFA8} = {FEF99301-EC49-31CB-A58B-6A66B2FEDFA8}
		{8051415C-C593-3CA5-B372-9842A5C6F886} = {8051415C-C593-3CA5-B372-9842A5C6F886}
		{F9D9A322-9A8C-3EF6-B6B6-D51FD493D7FF} = {F9D9A322-9A8C-3EF6-B6B6-D51FD493D7FF}
		{5CE771C0-2F85-3E83-AC33-C726F577BBB8} = {5CE771C0-2F85-3E83-AC33-C726F577BBB8}
		{A1B3052D-00FC-36AB-96D9-281F8A767F02} = {A1B3052D-00FC-36AB-96D9-281F8A767F02}
		{8B2AC056-A0B3-30FE-B590-8E1FFCAC0D94} = {8B2AC056-A0B3-30FE-B590-8E1FFCAC0D94}
		{43B2CDC5-68A3-37FC-A3A0-362765187B71} = {43B2CDC5-68A3-37FC-A3A0-362765187B71}
		{104C0DB2-DC86-3AE2-8E99-D7F0C60858EB} = {104C0DB2-DC86-3AE2-8E99-D7F0C60858EB}
		{CF138969-03D5-3D72-9AF4-70BED248D8DA} = {CF138969-03D5-3D72-9AF4-70BED248D8DA}
		{E3064512-B0D5-362E-AE59-D46408D18CDE} = {E3064512-B0D5-362E-AE59-D46408D18CDE}
		{7E5B4F9E-55AA-3312-AF99-8BAFE3CDBFC3} = {7E5B4F9E-55AA-3312-AF99-8BAFE3CDBFC3}
		{F2EF926E-BAC8-3DAB-9D7B-164B87040196} = {F2EF926E-BAC8-3DAB-9D7B-164B87040196}
		{67C5160D-26A8-38E0-B68E-FC2DACB9B103} = {67C5160D-26A8-38E0-B68E-FC2DACB9B103}
	EndProjectSection
EndProject
Project("{8BC9CEB8-8B4A-11D0-8D11-00A0C91BC942}") = "3dview", "3dview.vcxproj", "{065DB741-C980-3D6F-959A-C8757B222326}"
	ProjectSection(ProjectDependencies) = postProject
		{9865A67B-CB67-3A17-B74A-82BCE38470B6} = {9865A67B-CB67-3A17-B74A-82BCE38470B6}
		{19E58892-DBB3-3B1F-82F6-C4668119CC14} = {19E58892-DBB3-3B1F-82F6-C4668119CC14}
	EndProjectSection
EndProject
Project("{8BC9CEB8-8B4A-11D0-8D11-00A0C91BC942}") = "3dview_static", "3dview_static.vcxproj", "{EDB45FF7-062D-39BD-B8B2-BA3BF6F78B4C}"
	ProjectSection(ProjectDependencies) = postProject
		{9865A67B-CB67-3A17-B74A-82BCE38470B6} = {9865A67B-CB67-3A17-B74A-82BCE38470B6}
		{065DB084-2FE1-3168-BE86-8F4ABF96517B} = {065DB084-2FE1-3168-BE86-8F4ABF96517B}
	EndProjectSection
EndProject
Project("{8BC9CEB8-8B4A-11D0-8D11-00A0C91BC942}") = "CallbackMaker", "CallbackMaker.vcxproj", "{574ED52C-91B4-3127-91CB-C5CB93B04F6D}"
	ProjectSection(ProjectDependencies) = postProject
		{9865A67B-CB67-3A17-B74A-82BCE38470B6} = {9865A67B-CB67-3A17-B74A-82BCE38470B6}
		{19E58892-DBB3-3B1F-82F6-C4668119CC14} = {19E58892-DBB3-3B1F-82F6-C4668119CC14}
	EndProjectSection
EndProject
Project("{8BC9CEB8-8B4A-11D0-8D11-00A0C91BC942}") = "CallbackMaker_static", "CallbackMaker_static.vcxproj", "{07549831-0CC4-334A-9403-8DDDCDD9407E}"
	ProjectSection(ProjectDependencies) = postProject
		{9865A67B-CB67-3A17-B74A-82BCE38470B6} = {9865A67B-CB67-3A17-B74A-82BCE38470B6}
		{065DB084-2FE1-3168-BE86-8F4ABF96517B} = {065DB084-2FE1-3168-BE86-8F4ABF96517B}
	EndProjectSection
EndProject
Project("{8BC9CEB8-8B4A-11D0-8D11-00A0C91BC942}") = "Fractals", "Fractals.vcxproj", "{D8AEF1DC-89D0-37DC-A60A-87FF6A9B76DD}"
	ProjectSection(ProjectDependencies) = postProject
		{9865A67B-CB67-3A17-B74A-82BCE38470B6} = {9865A67B-CB67-3A17-B74A-82BCE38470B6}
		{19E58892-DBB3-3B1F-82F6-C4668119CC14} = {19E58892-DBB3-3B1F-82F6-C4668119CC14}
	EndProjectSection
EndProject
Project("{8BC9CEB8-8B4A-11D0-8D11-00A0C91BC942}") = "Fractals_random", "Fractals_random.vcxproj", "{E10D72BD-CBD7-38D1-A49B-BFC9CB94A698}"
	ProjectSection(ProjectDependencies) = postProject
		{9865A67B-CB67-3A17-B74A-82BCE38470B6} = {9865A67B-CB67-3A17-B74A-82BCE38470B6}
		{19E58892-DBB3-3B1F-82F6-C4668119CC14} = {19E58892-DBB3-3B1F-82F6-C4668119CC14}
	EndProjectSection
EndProject
Project("{8BC9CEB8-8B4A-11D0-8D11-00A0C91BC942}") = "Fractals_random_static", "Fractals_random_static.vcxproj", "{69E8C034-2B02-305F-80FD-4713B1A90283}"
	ProjectSection(ProjectDependencies) = postProject
		{9865A67B-CB67-3A17-B74A-82BCE38470B6} = {9865A67B-CB67-3A17-B74A-82BCE38470B6}
		{065DB084-2FE1-3168-BE86-8F4ABF96517B} = {065DB084-2FE1-3168-BE86-8F4ABF96517B}
	EndProjectSection
EndProject
Project("{8BC9CEB8-8B4A-11D0-8D11-00A0C91BC942}") = "Fractals_static", "Fractals_static.vcxproj", "{657350DA-839E-3CC4-8B72-8CDA6C339917}"
	ProjectSection(ProjectDependencies) = postProject
		{9865A67B-CB67-3A17-B74A-82BCE38470B6} = {9865A67B-CB67-3A17-B74A-82BCE38470B6}
		{065DB084-2FE1-3168-BE86-8F4ABF96517B} = {065DB084-2FE1-3168-BE86-8F4ABF96517B}
	EndProjectSection
EndProject
Project("{8BC9CEB8-8B4A-11D0-8D11-00A0C91BC942}") = "INSTALL", "INSTALL.vcxproj", "{349960BB-3D39-34A0-A5BD-0F629DECDEC8}"
	ProjectSection(ProjectDependencies) = postProject
		{A8239D0F-8C1F-35B8-B775-3D346C4BEF61} = {A8239D0F-8C1F-35B8-B775-3D346C4BEF61}
		{9865A67B-CB67-3A17-B74A-82BCE38470B6} = {9865A67B-CB67-3A17-B74A-82BCE38470B6}
	EndProjectSection
EndProject
Project("{8BC9CEB8-8B4A-11D0-8D11-00A0C91BC942}") = "Lorenz", "Lorenz.vcxproj", "{D0BB52E1-FD2B-3A88-819D-15906D439EC7}"
	ProjectSection(ProjectDependencies) = postProject
		{9865A67B-CB67-3A17-B74A-82BCE38470B6} = {9865A67B-CB67-3A17-B74A-82BCE38470B6}
		{19E58892-DBB3-3B1F-82F6-C4668119CC14} = {19E58892-DBB3-3B1F-82F6-C4668119CC14}
	EndProjectSection
EndProject
Project("{8BC9CEB8-8B4A-11D0-8D11-00A0C91BC942}") = "Lorenz_static", "Lorenz_static.vcxproj", "{CA784D6F-E18D-3952-914E-B59819DB5A71}"
	ProjectSection(ProjectDependencies) = postProject
		{9865A67B-CB67-3A17-B74A-82BCE38470B6} = {9865A67B-CB67-3A17-B74A-82BCE38470B6}
		{065DB084-2FE1-3168-BE86-8F4ABF96517B} = {065DB084-2FE1-3168-BE86-8F4ABF96517B}
	EndProjectSection
EndProject
Project("{8BC9CEB8-8B4A-11D0-8D11-00A0C91BC942}") = "One", "One.vcxproj", "{3D5D2BD7-47EC-3247-81AD-C99BBDD998E8}"
	ProjectSection(ProjectDependencies) = postProject
		{9865A67B-CB67-3A17-B74A-82BCE38470B6} = {9865A67B-CB67-3A17-B74A-82BCE38470B6}
		{19E58892-DBB3-3B1F-82F6-C4668119CC14} = {19E58892-DBB3-3B1F-82F6-C4668119CC14}
	EndProjectSection
EndProject
Project("{8BC9CEB8-8B4A-11D0-8D11-00A0C91BC942}") = "One_static", "One_static.vcxproj", "{888B4240-65BB-3944-A870-8B83B0DD57A4}"
	ProjectSection(ProjectDependencies) = postProject
		{9865A67B-CB67-3A17-B74A-82BCE38470B6} = {9865A67B-CB67-3A17-B74A-82BCE38470B6}
		{065DB084-2FE1-3168-BE86-8F4ABF96517B} = {065DB084-2FE1-3168-BE86-8F4ABF96517B}
	EndProjectSection
EndProject
Project("{8BC9CEB8-8B4A-11D0-8D11-00A0C91BC942}") = "ZERO_CHECK", "ZERO_CHECK.vcxproj", "{9865A67B-CB67-3A17-B74A-82BCE38470B6}"
	ProjectSection(ProjectDependencies) = postProject
	EndProjectSection
EndProject
Project("{8BC9CEB8-8B4A-11D0-8D11-00A0C91BC942}") = "freeglut", "freeglut.vcxproj", "{19E58892-DBB3-3B1F-82F6-C4668119CC14}"
	ProjectSection(ProjectDependencies) = postProject
		{9865A67B-CB67-3A17-B74A-82BCE38470B6} = {9865A67B-CB67-3A17-B74A-82BCE38470B6}
	EndProjectSection
EndProject
Project("{8BC9CEB8-8B4A-11D0-8D11-00A0C91BC942}") = "freeglut_static", "freeglut_static.vcxproj", "{065DB084-2FE1-3168-BE86-8F4ABF96517B}"
	ProjectSection(ProjectDependencies) = postProject
		{9865A67B-CB67-3A17-B74A-82BCE38470B6} = {9865A67B-CB67-3A17-B74A-82BCE38470B6}
	EndProjectSection
EndProject
Project("{8BC9CEB8-8B4A-11D0-8D11-00A0C91BC942}") = "indexed_color", "indexed_color.vcxproj", "{9019D6FE-910C-30B6-83C1-9A217206E94C}"
	ProjectSection(ProjectDependencies) = postProject
		{9865A67B-CB67-3A17-B74A-82BCE38470B6} = {9865A67B-CB67-3A17-B74A-82BCE38470B6}
		{19E58892-DBB3-3B1F-82F6-C4668119CC14} = {19E58892-DBB3-3B1F-82F6-C4668119CC14}
	EndProjectSection
EndProject
Project("{8BC9CEB8-8B4A-11D0-8D11-00A0C91BC942}") = "indexed_color_static", "indexed_color_static.vcxproj", "{9979B279-BBEB-3881-BEBD-89CCC182406C}"
	ProjectSection(ProjectDependencies) = postProject
		{9865A67B-CB67-3A17-B74A-82BCE38470B6} = {9865A67B-CB67-3A17-B74A-82BCE38470B6}
		{065DB084-2FE1-3168-BE86-8F4ABF96517B} = {065DB084-2FE1-3168-BE86-8F4ABF96517B}
	EndProjectSection
EndProject
Project("{8BC9CEB8-8B4A-11D0-8D11-00A0C91BC942}") = "joystick", "joystick.vcxproj", "{7791110C-0E83-3159-AD03-3AF57D88DA64}"
	ProjectSection(ProjectDependencies) = postProject
		{9865A67B-CB67-3A17-B74A-82BCE38470B6} = {9865A67B-CB67-3A17-B74A-82BCE38470B6}
		{19E58892-DBB3-3B1F-82F6-C4668119CC14} = {19E58892-DBB3-3B1F-82F6-C4668119CC14}
	EndProjectSection
EndProject
Project("{8BC9CEB8-8B4A-11D0-8D11-00A0C91BC942}") = "joystick_static", "joystick_static.vcxproj", "{F1CAE6A0-C104-30A1-9816-F07D94D13ABD}"
	ProjectSection(ProjectDependencies) = postProject
		{9865A67B-CB67-3A17-B74A-82BCE38470B6} = {9865A67B-CB67-3A17-B74A-82BCE38470B6}
		{065DB084-2FE1-3168-BE86-8F4ABF96517B} = {065DB084-2FE1-3168-BE86-8F4ABF96517B}
	EndProjectSection
EndProject
Project("{8BC9CEB8-8B4A-11D0-8D11-00A0C91BC942}") = "keyboard", "keyboard.vcxproj", "{02C2F65F-E616-3835-843E-3EF89BCD97C5}"
	ProjectSection(ProjectDependencies) = postProject
		{9865A67B-CB67-3A17-B74A-82BCE38470B6} = {9865A67B-CB67-3A17-B74A-82BCE38470B6}
		{19E58892-DBB3-3B1F-82F6-C4668119CC14} = {19E58892-DBB3-3B1F-82F6-C4668119CC14}
	EndProjectSection
EndProject
Project("{8BC9CEB8-8B4A-11D0-8D11-00A0C91BC942}") = "keyboard_static", "keyboard_static.vcxproj", "{F9BBDF54-95F0-380A-8138-5B6B3DD57841}"
	ProjectSection(ProjectDependencies) = postProject
		{9865A67B-CB67-3A17-B74A-82BCE38470B6} = {9865A67B-CB67-3A17-B74A-82BCE38470B6}
		{065DB084-2FE1-3168-BE86-8F4ABF96517B} = {065DB084-2FE1-3168-BE86-8F4ABF96517B}
	EndProjectSection
EndProject
Project("{8BC9CEB8-8B4A-11D0-8D11-00A0C91BC942}") = "multi-touch", "multi-touch.vcxproj", "{F2F2C3B0-F87E-3652-BE09-A69761DC75A9}"
	ProjectSection(ProjectDependencies) = postProject
		{9865A67B-CB67-3A17-B74A-82BCE38470B6} = {9865A67B-CB67-3A17-B74A-82BCE38470B6}
		{19E58892-DBB3-3B1F-82F6-C4668119CC14} = {19E58892-DBB3-3B1F-82F6-C4668119CC14}
	EndProjectSection
EndProject
Project("{8BC9CEB8-8B4A-11D0-8D11-00A0C91BC942}") = "multi-touch_static", "multi-touch_static.vcxproj", "{93BAEEF2-552E-32DB-B02B-20844CDA89A6}"
	ProjectSection(ProjectDependencies) = postProject
		{9865A67B-CB67-3A17-B74A-82BCE38470B6} = {9865A67B-CB67-3A17-B74A-82BCE38470B6}
		{065DB084-2FE1-3168-BE86-8F4ABF96517B} = {065DB084-2FE1-3168-BE86-8F4ABF96517B}
	EndProjectSection
EndProject
Project("{8BC9CEB8-8B4A-11D0-8D11-00A0C91BC942}") = "resizer", "resizer.vcxproj", "{16869410-A374-302C-95C8-6A2304171F07}"
	ProjectSection(ProjectDependencies) = postProject
		{9865A67B-CB67-3A17-B74A-82BCE38470B6} = {9865A67B-CB67-3A17-B74A-82BCE38470B6}
		{19E58892-DBB3-3B1F-82F6-C4668119CC14} = {19E58892-DBB3-3B1F-82F6-C4668119CC14}
	EndProjectSection
EndProject
Project("{8BC9CEB8-8B4A-11D0-8D11-00A0C91BC942}") = "resizer_static", "resizer_static.vcxproj", "{FEF99301-EC49-31CB-A58B-6A66B2FEDFA8}"
	ProjectSection(ProjectDependencies) = postProject
		{9865A67B-CB67-3A17-B74A-82BCE38470B6} = {9865A67B-CB67-3A17-B74A-82BCE38470B6}
		{065DB084-2FE1-3168-BE86-8F4ABF96517B} = {065DB084-2FE1-3168-BE86-8F4ABF96517B}
	EndProjectSection
EndProject
Project("{8BC9CEB8-8B4A-11D0-8D11-00A0C91BC942}") = "shapes", "shapes.vcxproj", "{8051415C-C593-3CA5-B372-9842A5C6F886}"
	ProjectSection(ProjectDependencies) = postProject
		{9865A67B-CB67-3A17-B74A-82BCE38470B6} = {9865A67B-CB67-3A17-B74A-82BCE38470B6}
		{19E58892-DBB3-3B1F-82F6-C4668119CC14} = {19E58892-DBB3-3B1F-82F6-C4668119CC14}
	EndProjectSection
EndProject
Project("{8BC9CEB8-8B4A-11D0-8D11-00A0C91BC942}") = "shapes_static", "shapes_static.vcxproj", "{F9D9A322-9A8C-3EF6-B6B6-D51FD493D7FF}"
	ProjectSection(ProjectDependencies) = postProject
		{9865A67B-CB67-3A17-B74A-82BCE38470B6} = {9865A67B-CB67-3A17-B74A-82BCE38470B6}
		{065DB084-2FE1-3168-BE86-8F4ABF96517B} = {065DB084-2FE1-3168-BE86-8F4ABF96517B}
	EndProjectSection
EndProject
Project("{8BC9CEB8-8B4A-11D0-8D11-00A0C91BC942}") = "smooth_opengl3", "smooth_opengl3.vcxproj", "{5CE771C0-2F85-3E83-AC33-C726F577BBB8}"
	ProjectSection(ProjectDependencies) = postProject
		{9865A67B-CB67-3A17-B74A-82BCE38470B6} = {9865A67B-CB67-3A17-B74A-82BCE38470B6}
		{19E58892-DBB3-3B1F-82F6-C4668119CC14} = {19E58892-DBB3-3B1F-82F6-C4668119CC14}
	EndProjectSection
EndProject
Project("{8BC9CEB8-8B4A-11D0-8D11-00A0C91BC942}") = "smooth_opengl3_static", "smooth_opengl3_static.vcxproj", "{A1B3052D-00FC-36AB-96D9-281F8A767F02}"
	ProjectSection(ProjectDependencies) = postProject
		{9865A67B-CB67-3A17-B74A-82BCE38470B6} = {9865A67B-CB67-3A17-B74A-82BCE38470B6}
		{065DB084-2FE1-3168-BE86-8F4ABF96517B} = {065DB084-2FE1-3168-BE86-8F4ABF96517B}
	EndProjectSection
EndProject
Project("{8BC9CEB8-8B4A-11D0-8D11-00A0C91BC942}") = "spaceball", "spaceball.vcxproj", "{8B2AC056-A0B3-30FE-B590-8E1FFCAC0D94}"
	ProjectSection(ProjectDependencies) = postProject
		{9865A67B-CB67-3A17-B74A-82BCE38470B6} = {9865A67B-CB67-3A17-B74A-82BCE38470B6}
		{19E58892-DBB3-3B1F-82F6-C4668119CC14} = {19E58892-DBB3-3B1F-82F6-C4668119CC14}
	EndProjectSection
EndProject
Project("{8BC9CEB8-8B4A-11D0-8D11-00A0C91BC942}") = "spaceball_static", "spaceball_static.vcxproj", "{43B2CDC5-68A3-37FC-A3A0-362765187B71}"
	ProjectSection(ProjectDependencies) = postProject
		{9865A67B-CB67-3A17-B74A-82BCE38470B6} = {9865A67B-CB67-3A17-B74A-82BCE38470B6}
		{065DB084-2FE1-3168-BE86-8F4ABF96517B} = {065DB084-2FE1-3168-BE86-8F4ABF96517B}
	EndProjectSection
EndProject
Project("{8BC9CEB8-8B4A-11D0-8D11-00A0C91BC942}") = "subwin", "subwin.vcxproj", "{104C0DB2-DC86-3AE2-8E99-D7F0C60858EB}"
	ProjectSection(ProjectDependencies) = postProject
		{9865A67B-CB67-3A17-B74A-82BCE38470B6} = {9865A67B-CB67-3A17-B74A-82BCE38470B6}
		{19E58892-DBB3-3B1F-82F6-C4668119CC14} = {19E58892-DBB3-3B1F-82F6-C4668119CC14}
	EndProjectSection
EndProject
Project("{8BC9CEB8-8B4A-11D0-8D11-00A0C91BC942}") = "subwin_static", "subwin_static.vcxproj", "{CF138969-03D5-3D72-9AF4-70BED248D8DA}"
	ProjectSection(ProjectDependencies) = postProject
		{9865A67B-CB67-3A17-B74A-82BCE38470B6} = {9865A67B-CB67-3A17-B74A-82BCE38470B6}
		{065DB084-2FE1-3168-BE86-8F4ABF96517B} = {065DB084-2FE1-3168-BE86-8F4ABF96517B}
	EndProjectSection
EndProject
Project("{8BC9CEB8-8B4A-11D0-8D11-00A0C91BC942}") = "timer", "timer.vcxproj", "{E3064512-B0D5-362E-AE59-D46408D18CDE}"
	ProjectSection(ProjectDependencies) = postProject
		{9865A67B-CB67-3A17-B74A-82BCE38470B6} = {9865A67B-CB67-3A17-B74A-82BCE38470B6}
		{19E58892-DBB3-3B1F-82F6-C4668119CC14} = {19E58892-DBB3-3B1F-82F6-C4668119CC14}
	EndProjectSection
EndProject
Project("{8BC9CEB8-8B4A-11D0-8D11-00A0C91BC942}") = "timer_callback", "timer_callback.vcxproj", "{7E5B4F9E-55AA-3312-AF99-8BAFE3CDBFC3}"
	ProjectSection(ProjectDependencies) = postProject
		{9865A67B-CB67-3A17-B74A-82BCE38470B6} = {9865A67B-CB67-3A17-B74A-82BCE38470B6}
		{19E58892-DBB3-3B1F-82F6-C4668119CC14} = {19E58892-DBB3-3B1F-82F6-C4668119CC14}
	EndProjectSection
EndProject
Project("{8BC9CEB8-8B4A-11D0-8D11-00A0C91BC942}") = "timer_callback_static", "timer_callback_static.vcxproj", "{F2EF926E-BAC8-3DAB-9D7B-164B87040196}"
	ProjectSection(ProjectDependencies) = postProject
		{9865A67B-CB67-3A17-B74A-82BCE38470B6} = {9865A67B-CB67-3A17-B74A-82BCE38470B6}
		{065DB084-2FE1-3168-BE86-8F4ABF96517B} = {065DB084-2FE1-3168-BE86-8F4ABF96517B}
	EndProjectSection
EndProject
Project("{8BC9CEB8-8B4A-11D0-8D11-00A0C91BC942}") = "timer_static", "timer_static.vcxproj", "{67C5160D-26A8-38E0-B68E-FC2DACB9B103}"
	ProjectSection(ProjectDependencies) = postProject
		{9865A67B-CB67-3A17-B74A-82BCE38470B6} = {9865A67B-CB67-3A17-B74A-82BCE38470B6}
		{065DB084-2FE1-3168-BE86-8F4ABF96517B} = {065DB084-2FE1-3168-BE86-8F4ABF96517B}
	EndProjectSection
EndProject
Global
	GlobalSection(SolutionConfigurationPlatforms) = preSolution
		Debug|x64 = Debug|x64
		Release|x64 = Release|x64
		MinSizeRel|x64 = MinSizeRel|x64
		RelWithDebInfo|x64 = RelWithDebInfo|x64
	EndGlobalSection
	GlobalSection(ProjectConfigurationPlatforms) = postSolution
		{A8239D0F-8C1F-35B8-B775-3D346C4BEF61}.Debug|x64.ActiveCfg = Debug|x64
		{A8239D0F-8C1F-35B8-B775-3D346C4BEF61}.Debug|x64.Build.0 = Debug|x64
		{A8239D0F-8C1F-35B8-B775-3D346C4BEF61}.Release|x64.ActiveCfg = Release|x64
		{A8239D0F-8C1F-35B8-B775-3D346C4BEF61}.Release|x64.Build.0 = Release|x64
		{A8239D0F-8C1F-35B8-B775-3D346C4BEF61}.MinSizeRel|x64.ActiveCfg = MinSizeRel|x64
		{A8239D0F-8C1F-35B8-B775-3D346C4BEF61}.MinSizeRel|x64.Build.0 = MinSizeRel|x64
		{A8239D0F-8C1F-35B8-B775-3D346C4BEF61}.RelWithDebInfo|x64.ActiveCfg = RelWithDebInfo|x64
		{A8239D0F-8C1F-35B8-B775-3D346C4BEF61}.RelWithDebInfo|x64.Build.0 = RelWithDebInfo|x64
		{065DB741-C980-3D6F-959A-C8757B222326}.Debug|x64.ActiveCfg = Debug|x64
		{065DB741-C980-3D6F-959A-C8757B222326}.Debug|x64.Build.0 = Debug|x64
		{065DB741-C980-3D6F-959A-C8757B222326}.Release|x64.ActiveCfg = Release|x64
		{065DB741-C980-3D6F-959A-C8757B222326}.Release|x64.Build.0 = Release|x64
		{065DB741-C980-3D6F-959A-C8757B222326}.MinSizeRel|x64.ActiveCfg = MinSizeRel|x64
		{065DB741-C980-3D6F-959A-C8757B222326}.MinSizeRel|x64.Build.0 = MinSizeRel|x64
		{065DB741-C980-3D6F-959A-C8757B222326}.RelWithDebInfo|x64.ActiveCfg = RelWithDebInfo|x64
		{065DB741-C980-3D6F-959A-C8757B222326}.RelWithDebInfo|x64.Build.0 = RelWithDebInfo|x64
		{EDB45FF7-062D-39BD-B8B2-BA3BF6F78B4C}.Debug|x64.ActiveCfg = Debug|x64
		{EDB45FF7-062D-39BD-B8B2-BA3BF6F78B4C}.Debug|x64.Build.0 = Debug|x64
		{EDB45FF7-062D-39BD-B8B2-BA3BF6F78B4C}.Release|x64.ActiveCfg = Release|x64
		{EDB45FF7-062D-39BD-B8B2-BA3BF6F78B4C}.Release|x64.Build.0 = Release|x64
		{EDB45FF7-062D-39BD-B8B2-BA3BF6F78B4C}.MinSizeRel|x64.ActiveCfg = MinSizeRel|x64
		{EDB45FF7-062D-39BD-B8B2-BA3BF6F78B4C}.MinSizeRel|x64.Build.0 = MinSizeRel|x64
		{EDB45FF7-062D-39BD-B8B2-BA3BF6F78B4C}.RelWithDebInfo|x64.ActiveCfg = RelWithDebInfo|x64
		{EDB45FF7-062D-39BD-B8B2-BA3BF6F78B4C}.RelWithDebInfo|x64.Build.0 = RelWithDebInfo|x64
		{574ED52C-91B4-3127-91CB-C5CB93B04F6D}.Debug|x64.ActiveCfg = Debug|x64
		{574ED52C-91B4-3127-91CB-C5CB93B04F6D}.Debug|x64.Build.0 = Debug|x64
		{574ED52C-91B4-3127-91CB-C5CB93B04F6D}.Release|x64.ActiveCfg = Release|x64
		{574ED52C-91B4-3127-91CB-C5CB93B04F6D}.Release|x64.Build.0 = Release|x64
		{574ED52C-91B4-3127-91CB-C5CB93B04F6D}.MinSizeRel|x64.ActiveCfg = MinSizeRel|x64
		{574ED52C-91B4-3127-91CB-C5CB93B04F6D}.MinSizeRel|x64.Build.0 = MinSizeRel|x64
		{574ED52C-91B4-3127-91CB-C5CB93B04F6D}.RelWithDebInfo|x64.ActiveCfg = RelWithDebInfo|x64
		{574ED52C-91B4-3127-91CB-C5CB93B04F6D}.RelWithDebInfo|x64.Build.0 = RelWithDebInfo|x64
		{07549831-0CC4-334A-9403-8DDDCDD9407E}.Debug|x64.ActiveCfg = Debug|x64
		{07549831-0CC4-334A-9403-8DDDCDD9407E}.Debug|x64.Build.0 = Debug|x64
		{07549831-0CC4-334A-9403-8DDDCDD9407E}.Release|x64.ActiveCfg = Release|x64
		{07549831-0CC4-334A-9403-8DDDCDD9407E}.Release|x64.Build.0 = Release|x64
		{07549831-0CC4-334A-9403-8DDDCDD9407E}.MinSizeRel|x64.ActiveCfg = MinSizeRel|x64
		{07549831-0CC4-334A-9403-8DDDCDD9407E}.MinSizeRel|x64.Build.0 = MinSizeRel|x64
		{07549831-0CC4-334A-9403-8DDDCDD9407E}.RelWithDebInfo|x64.ActiveCfg = RelWithDebInfo|x64
		{07549831-0CC4-334A-9403-8DDDCDD9407E}.RelWithDebInfo|x64.Build.0 = RelWithDebInfo|x64
		{D8AEF1DC-89D0-37DC-A60A-87FF6A9B76DD}.Debug|x64.ActiveCfg = Debug|x64
		{D8AEF1DC-89D0-37DC-A60A-87FF6A9B76DD}.Debug|x64.Build.0 = Debug|x64
		{D8AEF1DC-89D0-37DC-A60A-87FF6A9B76DD}.Release|x64.ActiveCfg = Release|x64
		{D8AEF1DC-89D0-37DC-A60A-87FF6A9B76DD}.Release|x64.Build.0 = Release|x64
		{D8AEF1DC-89D0-37DC-A60A-87FF6A9B76DD}.MinSizeRel|x64.ActiveCfg = MinSizeRel|x64
		{D8AEF1DC-89D0-37DC-A60A-87FF6A9B76DD}.MinSizeRel|x64.Build.0 = MinSizeRel|x64
		{D8AEF1DC-89D0-37DC-A60A-87FF6A9B76DD}.RelWithDebInfo|x64.ActiveCfg = RelWithDebInfo|x64
		{D8AEF1DC-89D0-37DC-A60A-87FF6A9B76DD}.RelWithDebInfo|x64.Build.0 = RelWithDebInfo|x64
		{E10D72BD-CBD7-38D1-A49B-BFC9CB94A698}.Debug|x64.ActiveCfg = Debug|x64
		{E10D72BD-CBD7-38D1-A49B-BFC9CB94A698}.Debug|x64.Build.0 = Debug|x64
		{E10D72BD-CBD7-38D1-A49B-BFC9CB94A698}.Release|x64.ActiveCfg = Release|x64
		{E10D72BD-CBD7-38D1-A49B-BFC9CB94A698}.Release|x64.Build.0 = Release|x64
		{E10D72BD-CBD7-38D1-A49B-BFC9CB94A698}.MinSizeRel|x64.ActiveCfg = MinSizeRel|x64
		{E10D72BD-CBD7-38D1-A49B-BFC9CB94A698}.MinSizeRel|x64.Build.0 = MinSizeRel|x64
		{E10D72BD-CBD7-38D1-A49B-BFC9CB94A698}.RelWithDebInfo|x64.ActiveCfg = RelWithDebInfo|x64
		{E10D72BD-CBD7-38D1-A49B-BFC9CB94A698}.RelWithDebInfo|x64.Build.0 = RelWithDebInfo|x64
		{69E8C034-2B02-305F-80FD-4713B1A90283}.Debug|x64.ActiveCfg = Debug|x64
		{69E8C034-2B02-305F-80FD-4713B1A90283}.Debug|x64.Build.0 = Debug|x64
		{69E8C034-2B02-305F-80FD-4713B1A90283}.Release|x64.ActiveCfg = Release|x64
		{69E8C034-2B02-305F-80FD-4713B1A90283}.Release|x64.Build.0 = Release|x64
		{69E8C034-2B02-305F-80FD-4713B1A90283}.MinSizeRel|x64.ActiveCfg = MinSizeRel|x64
		{69E8C034-2B02-305F-80FD-4713B1A90283}.MinSizeRel|x64.Build.0 = MinSizeRel|x64
		{69E8C034-2B02-305F-80FD-4713B1A90283}.RelWithDebInfo|x64.ActiveCfg = RelWithDebInfo|x64
		{69E8C034-2B02-305F-80FD-4713B1A90283}.RelWithDebInfo|x64.Build.0 = RelWithDebInfo|x64
		{657350DA-839E-3CC4-8B72-8CDA6C339917}.Debug|x64.ActiveCfg = Debug|x64
		{657350DA-839E-3CC4-8B72-8CDA6C339917}.Debug|x64.Build.0 = Debug|x64
		{657350DA-839E-3CC4-8B72-8CDA6C339917}.Release|x64.ActiveCfg = Release|x64
		{657350DA-839E-3CC4-8B72-8CDA6C339917}.Release|x64.Build.0 = Release|x64
		{657350DA-839E-3CC4-8B72-8CDA6C339917}.MinSizeRel|x64.ActiveCfg = MinSizeRel|x64
		{657350DA-839E-3CC4-8B72-8CDA6C339917}.MinSizeRel|x64.Build.0 = MinSizeRel|x64
		{657350DA-839E-3CC4-8B72-8CDA6C339917}.RelWithDebInfo|x64.ActiveCfg = RelWithDebInfo|x64
		{657350DA-839E-3CC4-8B72-8CDA6C339917}.RelWithDebInfo|x64.Build.0 = RelWithDebInfo|x64
		{349960BB-3D39-34A0-A5BD-0F629DECDEC8}.Debug|x64.ActiveCfg = Debug|x64
		{349960BB-3D39-34A0-A5BD-0F629DECDEC8}.Release|x64.ActiveCfg = Release|x64
		{349960BB-3D39-34A0-A5BD-0F629DECDEC8}.MinSizeRel|x64.ActiveCfg = MinSizeRel|x64
		{349960BB-3D39-34A0-A5BD-0F629DECDEC8}.RelWithDebInfo|x64.ActiveCfg = RelWithDebInfo|x64
		{D0BB52E1-FD2B-3A88-819D-15906D439EC7}.Debug|x64.ActiveCfg = Debug|x64
		{D0BB52E1-FD2B-3A88-819D-15906D439EC7}.Debug|x64.Build.0 = Debug|x64
		{D0BB52E1-FD2B-3A88-819D-15906D439EC7}.Release|x64.ActiveCfg = Release|x64
		{D0BB52E1-FD2B-3A88-819D-15906D439EC7}.Release|x64.Build.0 = Release|x64
		{D0BB52E1-FD2B-3A88-819D-15906D439EC7}.MinSizeRel|x64.ActiveCfg = MinSizeRel|x64
		{D0BB52E1-FD2B-3A88-819D-15906D439EC7}.MinSizeRel|x64.Build.0 = MinSizeRel|x64
		{D0BB52E1-FD2B-3A88-819D-15906D439EC7}.RelWithDebInfo|x64.ActiveCfg = RelWithDebInfo|x64
		{D0BB52E1-FD2B-3A88-819D-15906D439EC7}.RelWithDebInfo|x64.Build.0 = RelWithDebInfo|x64
		{CA784D6F-E18D-3952-914E-B59819DB5A71}.Debug|x64.ActiveCfg = Debug|x64
		{CA784D6F-E18D-3952-914E-B59819DB5A71}.Debug|x64.Build.0 = Debug|x64
		{CA784D6F-E18D-3952-914E-B59819DB5A71}.Release|x64.ActiveCfg = Release|x64
		{CA784D6F-E18D-3952-914E-B59819DB5A71}.Release|x64.Build.0 = Release|x64
		{CA784D6F-E18D-3952-914E-B59819DB5A71}.MinSizeRel|x64.ActiveCfg = MinSizeRel|x64
		{CA784D6F-E18D-3952-914E-B59819DB5A71}.MinSizeRel|x64.Build.0 = MinSizeRel|x64
		{CA784D6F-E18D-3952-914E-B59819DB5A71}.RelWithDebInfo|x64.ActiveCfg = RelWithDebInfo|x64
		{CA784D6F-E18D-3952-914E-B59819DB5A71}.RelWithDebInfo|x64.Build.0 = RelWithDebInfo|x64
		{3D5D2BD7-47EC-3247-81AD-C99BBDD998E8}.Debug|x64.ActiveCfg = Debug|x64
		{3D5D2BD7-47EC-3247-81AD-C99BBDD998E8}.Debug|x64.Build.0 = Debug|x64
		{3D5D2BD7-47EC-3247-81AD-C99BBDD998E8}.Release|x64.ActiveCfg = Release|x64
		{3D5D2BD7-47EC-3247-81AD-C99BBDD998E8}.Release|x64.Build.0 = Release|x64
		{3D5D2BD7-47EC-3247-81AD-C99BBDD998E8}.MinSizeRel|x64.ActiveCfg = MinSizeRel|x64
		{3D5D2BD7-47EC-3247-81AD-C99BBDD998E8}.MinSizeRel|x64.Build.0 = MinSizeRel|x64
		{3D5D2BD7-47EC-3247-81AD-C99BBDD998E8}.RelWithDebInfo|x64.ActiveCfg = RelWithDebInfo|x64
		{3D5D2BD7-47EC-3247-81AD-C99BBDD998E8}.RelWithDebInfo|x64.Build.0 = RelWithDebInfo|x64
		{888B4240-65BB-3944-A870-8B83B0DD57A4}.Debug|x64.ActiveCfg = Debug|x64
		{888B4240-65BB-3944-A870-8B83B0DD57A4}.Debug|x64.Build.0 = Debug|x64
		{888B4240-65BB-3944-A870-8B83B0DD57A4}.Release|x64.ActiveCfg = Release|x64
		{888B4240-65BB-3944-A870-8B83B0DD57A4}.Release|x64.Build.0 = Release|x64
		{888B4240-65BB-3944-A870-8B83B0DD57A4}.MinSizeRel|x64.ActiveCfg = MinSizeRel|x64
		{888B4240-65BB-3944-A870-8B83B0DD57A4}.MinSizeRel|x64.Build.0 = MinSizeRel|x64
		{888B4240-65BB-3944-A870-8B83B0DD57A4}.RelWithDebInfo|x64.ActiveCfg = RelWithDebInfo|x64
		{888B4240-65BB-3944-A870-8B83B0DD57A4}.RelWithDebInfo|x64.Build.0 = RelWithDebInfo|x64
		{9865A67B-CB67-3A17-B74A-82BCE38470B6}.Debug|x64.ActiveCfg = Debug|x64
		{9865A67B-CB67-3A17-B74A-82BCE38470B6}.Debug|x64.Build.0 = Debug|x64
		{9865A67B-CB67-3A17-B74A-82BCE38470B6}.Release|x64.ActiveCfg = Release|x64
		{9865A67B-CB67-3A17-B74A-82BCE38470B6}.Release|x64.Build.0 = Release|x64
		{9865A67B-CB67-3A17-B74A-82BCE38470B6}.MinSizeRel|x64.ActiveCfg = MinSizeRel|x64
		{9865A67B-CB67-3A17-B74A-82BCE38470B6}.MinSizeRel|x64.Build.0 = MinSizeRel|x64
		{9865A67B-CB67-3A17-B74A-82BCE38470B6}.RelWithDebInfo|x64.ActiveCfg = RelWithDebInfo|x64
		{9865A67B-CB67-3A17-B74A-82BCE38470B6}.RelWithDebInfo|x64.Build.0 = RelWithDebInfo|x64
		{19E58892-DBB3-3B1F-82F6-C4668119CC14}.Debug|x64.ActiveCfg = Debug|x64
		{19E58892-DBB3-3B1F-82F6-C4668119CC14}.Debug|x64.Build.0 = Debug|x64
		{19E58892-DBB3-3B1F-82F6-C4668119CC14}.Release|x64.ActiveCfg = Release|x64
		{19E58892-DBB3-3B1F-82F6-C4668119CC14}.Release|x64.Build.0 = Release|x64
		{19E58892-DBB3-3B1F-82F6-C4668119CC14}.MinSizeRel|x64.ActiveCfg = MinSizeRel|x64
		{19E58892-DBB3-3B1F-82F6-C4668119CC14}.MinSizeRel|x64.Build.0 = MinSizeRel|x64
		{19E58892-DBB3-3B1F-82F6-C4668119CC14}.RelWithDebInfo|x64.ActiveCfg = RelWithDebInfo|x64
		{19E58892-DBB3-3B1F-82F6-C4668119CC14}.RelWithDebInfo|x64.Build.0 = RelWithDebInfo|x64
		{065DB084-2FE1-3168-BE86-8F4ABF96517B}.Debug|x64.ActiveCfg = Debug|x64
		{065DB084-2FE1-3168-BE86-8F4ABF96517B}.Debug|x64.Build.0 = Debug|x64
		{065DB084-2FE1-3168-BE86-8F4ABF96517B}.Release|x64.ActiveCfg = Release|x64
		{065DB084-2FE1-3168-BE86-8F4ABF96517B}.Release|x64.Build.0 = Release|x64
		{065DB084-2FE1-3168-BE86-8F4ABF96517B}.MinSizeRel|x64.ActiveCfg = MinSizeRel|x64
		{065DB084-2FE1-3168-BE86-8F4ABF96517B}.MinSizeRel|x64.Build.0 = MinSizeRel|x64
		{065DB084-2FE1-3168-BE86-8F4ABF96517B}.RelWithDebInfo|x64.ActiveCfg = RelWithDebInfo|x64
		{065DB084-2FE1-3168-BE86-8F4ABF96517B}.RelWithDebInfo|x64.Build.0 = RelWithDebInfo|x64
		{9019D6FE-910C-30B6-83C1-9A217206E94C}.Debug|x64.ActiveCfg = Debug|x64
		{9019D6FE-910C-30B6-83C1-9A217206E94C}.Debug|x64.Build.0 = Debug|x64
		{9019D6FE-910C-30B6-83C1-9A217206E94C}.Release|x64.ActiveCfg = Release|x64
		{9019D6FE-910C-30B6-83C1-9A217206E94C}.Release|x64.Build.0 = Release|x64
		{9019D6FE-910C-30B6-83C1-9A217206E94C}.MinSizeRel|x64.ActiveCfg = MinSizeRel|x64
		{9019D6FE-910C-30B6-83C1-9A217206E94C}.MinSizeRel|x64.Build.0 = MinSizeRel|x64
		{9019D6FE-910C-30B6-83C1-9A217206E94C}.RelWithDebInfo|x64.ActiveCfg = RelWithDebInfo|x64
		{9019D6FE-910C-30B6-83C1-9A217206E94C}.RelWithDebInfo|x64.Build.0 = RelWithDebInfo|x64
		{9979B279-BBEB-3881-BEBD-89CCC182406C}.Debug|x64.ActiveCfg = Debug|x64
		{9979B279-BBEB-3881-BEBD-89CCC182406C}.Debug|x64.Build.0 = Debug|x64
		{9979B279-BBEB-3881-BEBD-89CCC182406C}.Release|x64.ActiveCfg = Release|x64
		{9979B279-BBEB-3881-BEBD-89CCC182406C}.Release|x64.Build.0 = Release|x64
		{9979B279-BBEB-3881-BEBD-89CCC182406C}.MinSizeRel|x64.ActiveCfg = MinSizeRel|x64
		{9979B279-BBEB-3881-BEBD-89CCC182406C}.MinSizeRel|x64.Build.0 = MinSizeRel|x64
		{9979B279-BBEB-3881-BEBD-89CCC182406C}.RelWithDebInfo|x64.ActiveCfg = RelWithDebInfo|x64
		{9979B279-BBEB-3881-BEBD-89CCC182406C}.RelWithDebInfo|x64.Build.0 = RelWithDebInfo|x64
		{7791110C-0E83-3159-AD03-3AF57D88DA64}.Debug|x64.ActiveCfg = Debug|x64
		{7791110C-0E83-3159-AD03-3AF57D88DA64}.Debug|x64.Build.0 = Debug|x64
		{7791110C-0E83-3159-AD03-3AF57D88DA64}.Release|x64.ActiveCfg = Release|x64
		{7791110C-0E83-3159-AD03-3AF57D88DA64}.Release|x64.Build.0 = Release|x64
		{7791110C-0E83-3159-AD03-3AF57D88DA64}.MinSizeRel|x64.ActiveCfg = MinSizeRel|x64
		{7791110C-0E83-3159-AD03-3AF57D88DA64}.MinSizeRel|x64.Build.0 = MinSizeRel|x64
		{7791110C-0E83-3159-AD03-3AF57D88DA64}.RelWithDebInfo|x64.ActiveCfg = RelWithDebInfo|x64
		{7791110C-0E83-3159-AD03-3AF57D88DA64}.RelWithDebInfo|x64.Build.0 = RelWithDebInfo|x64
		{F1CAE6A0-C104-30A1-9816-F07D94D13ABD}.Debug|x64.ActiveCfg = Debug|x64
		{F1CAE6A0-C104-30A1-9816-F07D94D13ABD}.Debug|x64.Build.0 = Debug|x64
		{F1CAE6A0-C104-30A1-9816-F07D94D13ABD}.Release|x64.ActiveCfg = Release|x64
		{F1CAE6A0-C104-30A1-9816-F07D94D13ABD}.Release|x64.Build.0 = Release|x64
		{F1CAE6A0-C104-30A1-9816-F07D94D13ABD}.MinSizeRel|x64.ActiveCfg = MinSizeRel|x64
		{F1CAE6A0-C104-30A1-9816-F07D94D13ABD}.MinSizeRel|x64.Build.0 = MinSizeRel|x64
		{F1CAE6A0-C104-30A1-9816-F07D94D13ABD}.RelWithDebInfo|x64.ActiveCfg = RelWithDebInfo|x64
		{F1CAE6A0-C104-30A1-9816-F07D94D13ABD}.RelWithDebInfo|x64.Build.0 = RelWithDebInfo|x64
		{02C2F65F-E616-3835-843E-3EF89BCD97C5}.Debug|x64.ActiveCfg = Debug|x64
		{02C2F65F-E616-3835-843E-3EF89BCD97C5}.Debug|x64.Build.0 = Debug|x64
		{02C2F65F-E616-3835-843E-3EF89BCD97C5}.Release|x64.ActiveCfg = Release|x64
		{02C2F65F-E616-3835-843E-3EF89BCD97C5}.Release|x64.Build.0 = Release|x64
		{02C2F65F-E616-3835-843E-3EF89BCD97C5}.MinSizeRel|x64.ActiveCfg = MinSizeRel|x64
		{02C2F65F-E616-3835-843E-3EF89BCD97C5}.MinSizeRel|x64.Build.0 = MinSizeRel|x64
		{02C2F65F-E616-3835-843E-3EF89BCD97C5}.RelWithDebInfo|x64.ActiveCfg = RelWithDebInfo|x64
		{02C2F65F-E616-3835-843E-3EF89BCD97C5}.RelWithDebInfo|x64.Build.0 = RelWithDebInfo|x64
		{F9BBDF54-95F0-380A-8138-5B6B3DD57841}.Debug|x64.ActiveCfg = Debug|x64
		{F9BBDF54-95F0-380A-8138-5B6B3DD57841}.Debug|x64.Build.0 = Debug|x64
		{F9BBDF54-95F0-380A-8138-5B6B3DD57841}.Release|x64.ActiveCfg = Release|x64
		{F9BBDF54-95F0-380A-8138-5B6B3DD57841}.Release|x64.Build.0 = Release|x64
		{F9BBDF54-95F0-380A-8138-5B6B3DD57841}.MinSizeRel|x64.ActiveCfg = MinSizeRel|x64
		{F9BBDF54-95F0-380A-8138-5B6B3DD57841}.MinSizeRel|x64.Build.0 = MinSizeRel|x64
		{F9BBDF54-95F0-380A-8138-5B6B3DD57841}.RelWithDebInfo|x64.ActiveCfg = RelWithDebInfo|x64
		{F9BBDF54-95F0-380A-8138-5B6B3DD57841}.RelWithDebInfo|x64.Build.0 = RelWithDebInfo|x64
		{F2F2C3B0-F87E-3652-BE09-A69761DC75A9}.Debug|x64.ActiveCfg = Debug|x64
		{F2F2C3B0-F87E-3652-BE09-A69761DC75A9}.Debug|x64.Build.0 = Debug|x64
		{F2F2C3B0-F87E-3652-BE09-A69761DC75A9}.Release|x64.ActiveCfg = Release|x64
		{F2F2C3B0-F87E-3652-BE09-A69761DC75A9}.Release|x64.Build.0 = Release|x64
		{F2F2C3B0-F87E-3652-BE09-A69761DC75A9}.MinSizeRel|x64.ActiveCfg = MinSizeRel|x64
		{F2F2C3B0-F87E-3652-BE09-A69761DC75A9}.MinSizeRel|x64.Build.0 = MinSizeRel|x64
		{F2F2C3B0-F87E-3652-BE09-A69761DC75A9}.RelWithDebInfo|x64.ActiveCfg = RelWithDebInfo|x64
		{F2F2C3B0-F87E-3652-BE09-A69761DC75A9}.RelWithDebInfo|x64.Build.0 = RelWithDebInfo|x64
		{93BAEEF2-552E-32DB-B02B-20844CDA89A6}.Debug|x64.ActiveCfg = Debug|x64
		{93BAEEF2-552E-32DB-B02B-20844CDA89A6}.Debug|x64.Build.0 = Debug|x64
		{93BAEEF2-552E-32DB-B02B-20844CDA89A6}.Release|x64.ActiveCfg = Release|x64
		{93BAEEF2-552E-32DB-B02B-20844CDA89A6}.Release|x64.Build.0 = Release|x64
		{93BAEEF2-552E-32DB-B02B-20844CDA89A6}.MinSizeRel|x64.ActiveCfg = MinSizeRel|x64
		{93BAEEF2-552E-32DB-B02B-20844CDA89A6}.MinSizeRel|x64.Build.0 = MinSizeRel|x64
		{93BAEEF2-552E-32DB-B02B-20844CDA89A6}.RelWithDebInfo|x64.ActiveCfg = RelWithDebInfo|x64
		{93BAEEF2-552E-32DB-B02B-20844CDA89A6}.RelWithDebInfo|x64.Build.0 = RelWithDebInfo|x64
		{16869410-A374-302C-95C8-6A2304171F07}.Debug|x64.ActiveCfg = Debug|x64
		{16869410-A374-302C-95C8-6A2304171F07}.Debug|x64.Build.0 = Debug|x64
		{16869410-A374-302C-95C8-6A2304171F07}.Release|x64.ActiveCfg = Release|x64
		{16869410-A374-302C-95C8-6A2304171F07}.Release|x64.Build.0 = Release|x64
		{16869410-A374-302C-95C8-6A2304171F07}.MinSizeRel|x64.ActiveCfg = MinSizeRel|x64
		{16869410-A374-302C-95C8-6A2304171F07}.MinSizeRel|x64.Build.0 = MinSizeRel|x64
		{16869410-A374-302C-95C8-6A2304171F07}.RelWithDebInfo|x64.ActiveCfg = RelWithDebInfo|x64
		{16869410-A374-302C-95C8-6A2304171F07}.RelWithDebInfo|x64.Build.0 = RelWithDebInfo|x64
		{FEF99301-EC49-31CB-A58B-6A66B2FEDFA8}.Debug|x64.ActiveCfg = Debug|x64
		{FEF99301-EC49-31CB-A58B-6A66B2FEDFA8}.Debug|x64.Build.0 = Debug|x64
		{FEF99301-EC49-31CB-A58B-6A66B2FEDFA8}.Release|x64.ActiveCfg = Release|x64
		{FEF99301-EC49-31CB-A58B-6A66B2FEDFA8}.Release|x64.Build.0 = Release|x64
		{FEF99301-EC49-31CB-A58B-6A66B2FEDFA8}.MinSizeRel|x64.ActiveCfg = MinSizeRel|x64
		{FEF99301-EC49-31CB-A58B-6A66B2FEDFA8}.MinSizeRel|x64.Build.0 = MinSizeRel|x64
		{FEF99301-EC49-31CB-A58B-6A66B2FEDFA8}.RelWithDebInfo|x64.ActiveCfg = RelWithDebInfo|x64
		{FEF99301-EC49-31CB-A58B-6A66B2FEDFA8}.RelWithDebInfo|x64.Build.0 = RelWithDebInfo|x64
		{8051415C-C593-3CA5-B372-9842A5C6F886}.Debug|x64.ActiveCfg = Debug|x64
		{8051415C-C593-3CA5-B372-9842A5C6F886}.Debug|x64.Build.0 = Debug|x64
		{8051415C-C593-3CA5-B372-9842A5C6F886}.Release|x64.ActiveCfg = Release|x64
		{8051415C-C593-3CA5-B372-9842A5C6F886}.Release|x64.Build.0 = Release|x64
		{8051415C-C593-3CA5-B372-9842A5C6F886}.MinSizeRel|x64.ActiveCfg = MinSizeRel|x64
		{8051415C-C593-3CA5-B372-9842A5C6F886}.MinSizeRel|x64.Build.0 = MinSizeRel|x64
		{8051415C-C593-3CA5-B372-9842A5C6F886}.RelWithDebInfo|x64.ActiveCfg = RelWithDebInfo|x64
		{8051415C-C593-3CA5-B372-9842A5C6F886}.RelWithDebInfo|x64.Build.0 = RelWithDebInfo|x64
		{F9D9A322-9A8C-3EF6-B6B6-D51FD493D7FF}.Debug|x64.ActiveCfg = Debug|x64
		{F9D9A322-9A8C-3EF6-B6B6-D51FD493D7FF}.Debug|x64.Build.0 = Debug|x64
		{F9D9A322-9A8C-3EF6-B6B6-D51FD493D7FF}.Release|x64.ActiveCfg = Release|x64
		{F9D9A322-9A8C-3EF6-B6B6-D51FD493D7FF}.Release|x64.Build.0 = Release|x64
		{F9D9A322-9A8C-3EF6-B6B6-D51FD493D7FF}.MinSizeRel|x64.ActiveCfg = MinSizeRel|x64
		{F9D9A322-9A8C-3EF6-B6B6-D51FD493D7FF}.MinSizeRel|x64.Build.0 = MinSizeRel|x64
		{F9D9A322-9A8C-3EF6-B6B6-D51FD493D7FF}.RelWithDebInfo|x64.ActiveCfg = RelWithDebInfo|x64
		{F9D9A322-9A8C-3EF6-B6B6-D51FD493D7FF}.RelWithDebInfo|x64.Build.0 = RelWithDebInfo|x64
		{5CE771C0-2F85-3E83-AC33-C726F577BBB8}.Debug|x64.ActiveCfg = Debug|x64
		{5CE771C0-2F85-3E83-AC33-C726F577BBB8}.Debug|x64.Build.0 = Debug|x64
		{5CE771C0-2F85-3E83-AC33-C726F577BBB8}.Release|x64.ActiveCfg = Release|x64
		{5CE771C0-2F85-3E83-AC33-C726F577BBB8}.Release|x64.Build.0 = Release|x64
		{5CE771C0-2F85-3E83-AC33-C726F577BBB8}.MinSizeRel|x64.ActiveCfg = MinSizeRel|x64
		{5CE771C0-2F85-3E83-AC33-C726F577BBB8}.MinSizeRel|x64.Build.0 = MinSizeRel|x64
		{5CE771C0-2F85-3E83-AC33-C726F577BBB8}.RelWithDebInfo|x64.ActiveCfg = RelWithDebInfo|x64
		{5CE771C0-2F85-3E83-AC33-C726F577BBB8}.RelWithDebInfo|x64.Build.0 = RelWithDebInfo|x64
		{A1B3052D-00FC-36AB-96D9-281F8A767F02}.Debug|x64.ActiveCfg = Debug|x64
		{A1B3052D-00FC-36AB-96D9-281F8A767F02}.Debug|x64.Build.0 = Debug|x64
		{A1B3052D-00FC-36AB-96D9-281F8A767F02}.Release|x64.ActiveCfg = Release|x64
		{A1B3052D-00FC-36AB-96D9-281F8A767F02}.Release|x64.Build.0 = Release|x64
		{A1B3052D-00FC-36AB-96D9-281F8A767F02}.MinSizeRel|x64.ActiveCfg = MinSizeRel|x64
		{A1B3052D-00FC-36AB-96D9-281F8A767F02}.MinSizeRel|x64.Build.0 = MinSizeRel|x64
		{A1B3052D-00FC-36AB-96D9-281F8A767F02}.RelWithDebInfo|x64.ActiveCfg = RelWithDebInfo|x64
		{A1B3052D-00FC-36AB-96D9-281F8A767F02}.RelWithDebInfo|x64.Build.0 = RelWithDebInfo|x64
		{8B2AC056-A0B3-30FE-B590-8E1FFCAC0D94}.Debug|x64.ActiveCfg = Debug|x64
		{8B2AC056-A0B3-30FE-B590-8E1FFCAC0D94}.Debug|x64.Build.0 = Debug|x64
		{8B2AC056-A0B3-30FE-B590-8E1FFCAC0D94}.Release|x64.ActiveCfg = Release|x64
		{8B2AC056-A0B3-30FE-B590-8E1FFCAC0D94}.Release|x64.Build.0 = Release|x64
		{8B2AC056-A0B3-30FE-B590-8E1FFCAC0D94}.MinSizeRel|x64.ActiveCfg = MinSizeRel|x64
		{8B2AC056-A0B3-30FE-B590-8E1FFCAC0D94}.MinSizeRel|x64.Build.0 = MinSizeRel|x64
		{8B2AC056-A0B3-30FE-B590-8E1FFCAC0D94}.RelWithDebInfo|x64.ActiveCfg = RelWithDebInfo|x64
		{8B2AC056-A0B3-30FE-B590-8E1FFCAC0D94}.RelWithDebInfo|x64.Build.0 = RelWithDebInfo|x64
		{43B2CDC5-68A3-37FC-A3A0-362765187B71}.Debug|x64.ActiveCfg = Debug|x64
		{43B2CDC5-68A3-37FC-A3A0-362765187B71}.Debug|x64.Build.0 = Debug|x64
		{43B2CDC5-68A3-37FC-A3A0-362765187B71}.Release|x64.ActiveCfg = Release|x64
		{43B2CDC5-68A3-37FC-A3A0-362765187B71}.Release|x64.Build.0 = Release|x64
		{43B2CDC5-68A3-37FC-A3A0-362765187B71}.MinSizeRel|x64.ActiveCfg = MinSizeRel|x64
		{43B2CDC5-68A3-37FC-A3A0-362765187B71}.MinSizeRel|x64.Build.0 = MinSizeRel|x64
		{43B2CDC5-68A3-37FC-A3A0-362765187B71}.RelWithDebInfo|x64.ActiveCfg = RelWithDebInfo|x64
		{43B2CDC5-68A3-37FC-A3A0-362765187B71}.RelWithDebInfo|x64.Build.0 = RelWithDebInfo|x64
		{104C0DB2-DC86-3AE2-8E99-D7F0C60858EB}.Debug|x64.ActiveCfg = Debug|x64
		{104C0DB2-DC86-3AE2-8E99-D7F0C60858EB}.Debug|x64.Build.0 = Debug|x64
		{104C0DB2-DC86-3AE2-8E99-D7F0C60858EB}.Release|x64.ActiveCfg = Release|x64
		{104C0DB2-DC86-3AE2-8E99-D7F0C60858EB}.Release|x64.Build.0 = Release|x64
		{104C0DB2-DC86-3AE2-8E99-D7F0C60858EB}.MinSizeRel|x64.ActiveCfg = MinSizeRel|x64
		{104C0DB2-DC86-3AE2-8E99-D7F0C60858EB}.MinSizeRel|x64.Build.0 = MinSizeRel|x64
		{104C0DB2-DC86-3AE2-8E99-D7F0C60858EB}.RelWithDebInfo|x64.ActiveCfg = RelWithDebInfo|x64
		{104C0DB2-DC86-3AE2-8E99-D7F0C60858EB}.RelWithDebInfo|x64.Build.0 = RelWithDebInfo|x64
		{CF138969-03D5-3D72-9AF4-70BED248D8DA}.Debug|x64.ActiveCfg = Debug|x64
		{CF138969-03D5-3D72-9AF4-70BED248D8DA}.Debug|x64.Build.0 = Debug|x64
		{CF138969-03D5-3D72-9AF4-70BED248D8DA}.Release|x64.ActiveCfg = Release|x64
		{CF138969-03D5-3D72-9AF4-70BED248D8DA}.Release|x64.Build.0 = Release|x64
		{CF138969-03D5-3D72-9AF4-70BED248D8DA}.MinSizeRel|x64.ActiveCfg = MinSizeRel|x64
		{CF138969-03D5-3D72-9AF4-70BED248D8DA}.MinSizeRel|x64.Build.0 = MinSizeRel|x64
		{CF138969-03D5-3D72-9AF4-70BED248D8DA}.RelWithDebInfo|x64.ActiveCfg = RelWithDebInfo|x64
		{CF138969-03D5-3D72-9AF4-70BED248D8DA}.RelWithDebInfo|x64.Build.0 = RelWithDebInfo|x64
		{E3064512-B0D5-362E-AE59-D46408D18CDE}.Debug|x64.ActiveCfg = Debug|x64
		{E3064512-B0D5-362E-AE59-D46408D18CDE}.Debug|x64.Build.0 = Debug|x64
		{E3064512-B0D5-362E-AE59-D46408D18CDE}.Release|x64.ActiveCfg = Release|x64
		{E3064512-B0D5-362E-AE59-D46408D18CDE}.Release|x64.Build.0 = Release|x64
		{E3064512-B0D5-362E-AE59-D46408D18CDE}.MinSizeRel|x64.ActiveCfg = MinSizeRel|x64
		{E3064512-B0D5-362E-AE59-D46408D18CDE}.MinSizeRel|x64.Build.0 = MinSizeRel|x64
		{E3064512-B0D5-362E-AE59-D46408D18CDE}.RelWithDebInfo|x64.ActiveCfg = RelWithDebInfo|x64
		{E3064512-B0D5-362E-AE59-D46408D18CDE}.RelWithDebInfo|x64.Build.0 = RelWithDebInfo|x64
		{7E5B4F9E-55AA-3312-AF99-8BAFE3CDBFC3}.Debug|x64.ActiveCfg = Debug|x64
		{7E5B4F9E-55AA-3312-AF99-8BAFE3CDBFC3}.Debug|x64.Build.0 = Debug|x64
		{7E5B4F9E-55AA-3312-AF99-8BAFE3CDBFC3}.Release|x64.ActiveCfg = Release|x64
		{7E5B4F9E-55AA-3312-AF99-8BAFE3CDBFC3}.Release|x64.Build.0 = Release|x64
		{7E5B4F9E-55AA-3312-AF99-8BAFE3CDBFC3}.MinSizeRel|x64.ActiveCfg = MinSizeRel|x64
		{7E5B4F9E-55AA-3312-AF99-8BAFE3CDBFC3}.MinSizeRel|x64.Build.0 = MinSizeRel|x64
		{7E5B4F9E-55AA-3312-AF99-8BAFE3CDBFC3}.RelWithDebInfo|x64.ActiveCfg = RelWithDebInfo|x64
		{7E5B4F9E-55AA-3312-AF99-8BAFE3CDBFC3}.RelWithDebInfo|x64.Build.0 = RelWithDebInfo|x64
		{F2EF926E-BAC8-3DAB-9D7B-164B87040196}.Debug|x64.ActiveCfg = Debug|x64
		{F2EF926E-BAC8-3DAB-9D7B-164B87040196}.Debug|x64.Build.0 = Debug|x64
		{F2EF926E-BAC8-3DAB-9D7B-164B87040196}.Release|x64.ActiveCfg = Release|x64
		{F2EF926E-BAC8-3DAB-9D7B-164B87040196}.Release|x64.Build.0 = Release|x64
		{F2EF926E-BAC8-3DAB-9D7B-164B87040196}.MinSizeRel|x64.ActiveCfg = MinSizeRel|x64
		{F2EF926E-BAC8-3DAB-9D7B-164B87040196}.MinSizeRel|x64.Build.0 = MinSizeRel|x64
		{F2EF926E-BAC8-3DAB-9D7B-164B87040196}.RelWithDebInfo|x64.ActiveCfg = RelWithDebInfo|x64
		{F2EF926E-BAC8-3DAB-9D7B-164B87040196}.RelWithDebInfo|x64.Build.0 = RelWithDebInfo|x64
		{67C5160D-26A8-38E0-B68E-FC2DACB9B103}.Debug|x64.ActiveCfg = Debug|x64
		{67C5160D-26A8-38E0-B68E-FC2DACB9B103}.Debug|x64.Build.0 = Debug|x64
		{67C5160D-26A8-38E0-B68E-FC2DACB9B103}.Release|x64.ActiveCfg = Release|x64
		{67C5160D-26A8-38E0-B68E-FC2DACB9B103}.Release|x64.Build.0 = Release|x64
		{67C5160D-26A8-38E0-B68E-FC2DACB9B103}.MinSizeRel|x64.ActiveCfg = MinSizeRel|x64
		{67C5160D-26A8-38E0-B68E-FC2DACB9B103}.MinSizeRel|x64.Build.0 = MinSizeRel|x64
		{67C5160D-26A8-38E0-B68E-FC2DACB9B103}.RelWithDebInfo|x64.ActiveCfg = RelWithDebInfo|x64
		{67C5160D-26A8-38E0-B68E-FC2DACB9B103}.RelWithDebInfo|x64.Build.0 = RelWithDebInfo|x64
	EndGlobalSection
	GlobalSection(ExtensibilityGlobals) = postSolution
		SolutionGuid = {EEF32127-6CB4-3BBB-BB82-577BCAC6C2E6}
	EndGlobalSection
	GlobalSection(ExtensibilityAddIns) = postSolution
	EndGlobalSection
EndGlobal
