<?xml version="1.0" encoding="utf-8"?>
<Project ToolsVersion="17.0" xmlns="http://schemas.microsoft.com/developer/msbuild/2003">
  <ItemGroup>
    <CustomBuild Include="D:\Project\Qt5\ZCAN_MINI\build-ZCAN_MINI-Desktop_Qt_5_9_1_MinGW_32bit-Debug\debug\FreeGlut\CMakeFiles\a97b851a7f95182f27c18e7255c0e0d6\generate.stamp.rule">
      <Filter>CMake Rules</Filter>
    </CustomBuild>
  </ItemGroup>
  <ItemGroup>
    <Filter Include="CMake Rules">
      <UniqueIdentifier>{8680C392-61BA-394D-927A-AAD8A69D5725}</UniqueIdentifier>
    </Filter>
  </ItemGroup>
</Project>
